
Microsoft Visual Studio Solution File, Format Version 12.00
# Visual Studio 15
VisualStudioVersion = 15.0.28307.572
MinimumVisualStudioVersion = 10.0.40219.1
Project("{8BC9CEB8-8B4A-11D0-8D11-00A0C91BC942}") = "Veritaware.Toolkits.CWEL", "Veritaware.Toolkits.CWEL\Veritaware.Toolkits.CWEL.vcxproj", "{2AE0552C-9E8C-4628-A1F2-961004F62F14}"
EndProject
Global
	GlobalSection(SolutionConfigurationPlatforms) = preSolution
		Debug|x64 = Debug|x64
		Debug|x86 = Debug|x86
		Release|x64 = Release|x64
		Release|x86 = Release|x86
	EndGlobalSection
	GlobalSection(ProjectConfigurationPlatforms) = postSolution
		{2AE0552C-9E8C-4628-A1F2-961004F62F14}.Debug|x64.ActiveCfg = Debug|x64
		{2AE0552C-9E8C-4628-A1F2-961004F62F14}.Debug|x64.Build.0 = Debug|x64
		{2AE0552C-9E8C-4628-A1F2-961004F62F14}.Debug|x86.ActiveCfg = Debug|Win32
		{2AE0552C-9E8C-4628-A1F2-961004F62F14}.Debug|x86.Build.0 = Debug|Win32
		{2AE0552C-9E8C-4628-A1F2-961004F62F14}.Release|x64.ActiveCfg = Release|x64
		{2AE0552C-9E8C-4628-A1F2-961004F62F14}.Release|x64.Build.0 = Release|x64
		{2AE0552C-9E8C-4628-A1F2-961004F62F14}.Release|x86.ActiveCfg = Release|Win32
		{2AE0552C-9E8C-4628-A1F2-961004F62F14}.Release|x86.Build.0 = Release|Win32
	EndGlobalSection
	GlobalSection(SolutionProperties) = preSolution
		HideSolutionNode = FALSE
	EndGlobalSection
	GlobalSection(ExtensibilityGlobals) = postSolution
		SolutionGuid = {2C1ABD01-0EFC-49C7-B30B-3E98CF2EA8A4}
	EndGlobalSection
EndGlobal
